
Microsoft Visual Studio Solution File, Format Version 12.00
# Visual Studio Version 16
VisualStudioVersion = 16.0.32228.343
MinimumVisualStudioVersion = 10.0.40219.1
Project("{9A19103F-16F7-4668-BE54-9A1E7A4F7556}") = "database_First", "..\database_First\database_First.csproj", "{72AF625C-091F-4A92-8F0F-4522C889F006}"
EndProject
Global
	GlobalSection(SolutionConfigurationPlatforms) = preSolution
		Debug|Any CPU = Debug|Any CPU
		Release|Any CPU = Release|Any CPU
	EndGlobalSection
	GlobalSection(ProjectConfigurationPlatforms) = postSolution
		{72AF625C-091F-4A92-8F0F-4522C889F006}.Debug|Any CPU.ActiveCfg = Debug|Any CPU
		{72AF625C-091F-4A92-8F0F-4522C889F006}.Debug|Any CPU.Build.0 = Debug|Any CPU
		{72AF625C-091F-4A92-8F0F-4522C889F006}.Release|Any CPU.ActiveCfg = Release|Any CPU
		{72AF625C-091F-4A92-8F0F-4522C889F006}.Release|Any CPU.Build.0 = Release|Any CPU
	EndGlobalSection
	GlobalSection(SolutionProperties) = preSolution
		HideSolutionNode = FALSE
	EndGlobalSection
	GlobalSection(ExtensibilityGlobals) = postSolution
		SolutionGuid = {FB4AA8AD-F93A-449E-AAE7-BCE322794345}
	EndGlobalSection
EndGlobal
